// !$*UTF8*$!
{
	archiveVersion = 1;
	classes = {
	};
	objectVersion = 50;
	objects = {

/* Begin PBXBuildFile section */
		C134F070241D124A00511B2A /* Material.swift in Sources */ = {isa = PBXBuildFile; fileRef = C134F06F241D124A00511B2A /* Material.swift */; };
		C134F072241D137B00511B2A /* Terms.swift in Sources */ = {isa = PBXBuildFile; fileRef = C134F071241D137B00511B2A /* Terms.swift */; };
		C134F074241D15D700511B2A /* List.swift in Sources */ = {isa = PBXBuildFile; fileRef = C134F073241D15D700511B2A /* List.swift */; };
		C134F075241D161200511B2A /* Material.swift in Sources */ = {isa = PBXBuildFile; fileRef = C134F06F241D124A00511B2A /* Material.swift */; };
		C134F076241D161200511B2A /* Terms.swift in Sources */ = {isa = PBXBuildFile; fileRef = C134F071241D137B00511B2A /* Terms.swift */; };
		C134F077241D161200511B2A /* List.swift in Sources */ = {isa = PBXBuildFile; fileRef = C134F073241D15D700511B2A /* List.swift */; };
		C134F079241D172600511B2A /* Task.swift in Sources */ = {isa = PBXBuildFile; fileRef = C134F078241D172600511B2A /* Task.swift */; };
		C134F07A241D17EF00511B2A /* Task.swift in Sources */ = {isa = PBXBuildFile; fileRef = C134F078241D172600511B2A /* Task.swift */; };
		C134F07C241D19EB00511B2A /* User.swift in Sources */ = {isa = PBXBuildFile; fileRef = C134F07B241D19EB00511B2A /* User.swift */; };
		C13DD54E241B32E700248D29 /* Settings.bundle in Resources */ = {isa = PBXBuildFile; fileRef = C13DD54D241B32E700248D29 /* Settings.bundle */; };
		C13DD554241CAF9900248D29 /* WKWKCollection.storyboard in Resources */ = {isa = PBXBuildFile; fileRef = C13DD553241CAF9900248D29 /* WKWKCollection.storyboard */; };
		C13DD556241CAFAB00248D29 /* TaskList.storyboard in Resources */ = {isa = PBXBuildFile; fileRef = C13DD555241CAFAB00248D29 /* TaskList.storyboard */; };
		C13DD558241CAFC400248D29 /* TaskListViewController.swift in Sources */ = {isa = PBXBuildFile; fileRef = C13DD557241CAFC400248D29 /* TaskListViewController.swift */; };
		C13DD55A241CAFD200248D29 /* WKWKCollectionViewController.swift in Sources */ = {isa = PBXBuildFile; fileRef = C13DD559241CAFD200248D29 /* WKWKCollectionViewController.swift */; };
		C13DD55D241CB09A00248D29 /* WalkThroughViewController.swift in Sources */ = {isa = PBXBuildFile; fileRef = C13DD55C241CB09A00248D29 /* WalkThroughViewController.swift */; };
		C13DD55F241CB0A100248D29 /* WalkThrough.storyboard in Resources */ = {isa = PBXBuildFile; fileRef = C13DD55E241CB0A100248D29 /* WalkThrough.storyboard */; };
		C13DD562241CB72800248D29 /* Color.xcassets in Resources */ = {isa = PBXBuildFile; fileRef = C13DD561241CB72800248D29 /* Color.xcassets */; };
		C13DD564241CB95000248D29 /* R.generated.swift in Sources */ = {isa = PBXBuildFile; fileRef = C13DD563241CB95000248D29 /* R.generated.swift */; };
		C13DD565241CBAD800248D29 /* Color.xcassets in Resources */ = {isa = PBXBuildFile; fileRef = C13DD561241CB72800248D29 /* Color.xcassets */; };
		C13DD566241CBB2B00248D29 /* WalkThroughViewController.swift in Sources */ = {isa = PBXBuildFile; fileRef = C13DD55C241CB09A00248D29 /* WalkThroughViewController.swift */; };
		C13DD567241CBB2B00248D29 /* WKWKCollectionViewController.swift in Sources */ = {isa = PBXBuildFile; fileRef = C13DD559241CAFD200248D29 /* WKWKCollectionViewController.swift */; };
		C13DD568241CBB2B00248D29 /* TaskListViewController.swift in Sources */ = {isa = PBXBuildFile; fileRef = C13DD557241CAFC400248D29 /* TaskListViewController.swift */; };
		C13DD569241CBB2B00248D29 /* R.generated.swift in Sources */ = {isa = PBXBuildFile; fileRef = C13DD563241CB95000248D29 /* R.generated.swift */; };
		C13DD56A241CC00800248D29 /* WalkThrough.storyboard in Resources */ = {isa = PBXBuildFile; fileRef = C13DD55E241CB0A100248D29 /* WalkThrough.storyboard */; };
		C13DD56B241CC00800248D29 /* WKWKCollection.storyboard in Resources */ = {isa = PBXBuildFile; fileRef = C13DD553241CAF9900248D29 /* WKWKCollection.storyboard */; };
		C13DD56C241CC00800248D29 /* TaskList.storyboard in Resources */ = {isa = PBXBuildFile; fileRef = C13DD555241CAFAB00248D29 /* TaskList.storyboard */; };
		C13DD56D241CC01100248D29 /* Settings.bundle in Resources */ = {isa = PBXBuildFile; fileRef = C13DD54D241B32E700248D29 /* Settings.bundle */; };
		C13DD56F241CC59E00248D29 /* UIView+Gradient.swift in Sources */ = {isa = PBXBuildFile; fileRef = C13DD56E241CC59E00248D29 /* UIView+Gradient.swift */; };
		C13DD570241CC6AE00248D29 /* UIView+Gradient.swift in Sources */ = {isa = PBXBuildFile; fileRef = C13DD56E241CC59E00248D29 /* UIView+Gradient.swift */; };
		C1584BE8241A3C1B0038EA38 /* RxRelay.framework in Frameworks */ = {isa = PBXBuildFile; fileRef = C1584BDF241A3C1B0038EA38 /* RxRelay.framework */; };
		C1584BE9241A3C1B0038EA38 /* RxRelay.framework in Embed Frameworks */ = {isa = PBXBuildFile; fileRef = C1584BDF241A3C1B0038EA38 /* RxRelay.framework */; settings = {ATTRIBUTES = (CodeSignOnCopy, RemoveHeadersOnCopy, ); }; };
		C1584BEA241A3C1B0038EA38 /* Realm.framework in Frameworks */ = {isa = PBXBuildFile; fileRef = C1584BE0241A3C1B0038EA38 /* Realm.framework */; };
		C1584BEB241A3C1B0038EA38 /* Realm.framework in Embed Frameworks */ = {isa = PBXBuildFile; fileRef = C1584BE0241A3C1B0038EA38 /* Realm.framework */; settings = {ATTRIBUTES = (CodeSignOnCopy, RemoveHeadersOnCopy, ); }; };
		C1584BEC241A3C1B0038EA38 /* RxSwift.framework in Frameworks */ = {isa = PBXBuildFile; fileRef = C1584BE1241A3C1B0038EA38 /* RxSwift.framework */; };
		C1584BED241A3C1B0038EA38 /* RxSwift.framework in Embed Frameworks */ = {isa = PBXBuildFile; fileRef = C1584BE1241A3C1B0038EA38 /* RxSwift.framework */; settings = {ATTRIBUTES = (CodeSignOnCopy, RemoveHeadersOnCopy, ); }; };
		C1584BEE241A3C1B0038EA38 /* RxRealm.framework in Frameworks */ = {isa = PBXBuildFile; fileRef = C1584BE2241A3C1B0038EA38 /* RxRealm.framework */; };
		C1584BEF241A3C1B0038EA38 /* RxRealm.framework in Embed Frameworks */ = {isa = PBXBuildFile; fileRef = C1584BE2241A3C1B0038EA38 /* RxRealm.framework */; settings = {ATTRIBUTES = (CodeSignOnCopy, RemoveHeadersOnCopy, ); }; };
		C1584BF0241A3C1B0038EA38 /* Rswift.framework in Frameworks */ = {isa = PBXBuildFile; fileRef = C1584BE3241A3C1B0038EA38 /* Rswift.framework */; };
		C1584BF1241A3C1B0038EA38 /* Rswift.framework in Embed Frameworks */ = {isa = PBXBuildFile; fileRef = C1584BE3241A3C1B0038EA38 /* Rswift.framework */; settings = {ATTRIBUTES = (CodeSignOnCopy, RemoveHeadersOnCopy, ); }; };
		C1584BF2241A3C1B0038EA38 /* RxCocoa.framework in Frameworks */ = {isa = PBXBuildFile; fileRef = C1584BE4241A3C1B0038EA38 /* RxCocoa.framework */; };
		C1584BF3241A3C1B0038EA38 /* RxCocoa.framework in Embed Frameworks */ = {isa = PBXBuildFile; fileRef = C1584BE4241A3C1B0038EA38 /* RxCocoa.framework */; settings = {ATTRIBUTES = (CodeSignOnCopy, RemoveHeadersOnCopy, ); }; };
		C1584BF4241A3C1B0038EA38 /* RealmSwift.framework in Frameworks */ = {isa = PBXBuildFile; fileRef = C1584BE5241A3C1B0038EA38 /* RealmSwift.framework */; };
		C1584BF5241A3C1B0038EA38 /* RealmSwift.framework in Embed Frameworks */ = {isa = PBXBuildFile; fileRef = C1584BE5241A3C1B0038EA38 /* RealmSwift.framework */; settings = {ATTRIBUTES = (CodeSignOnCopy, RemoveHeadersOnCopy, ); }; };
		C1584BF6241A3C1B0038EA38 /* Alertift.framework in Frameworks */ = {isa = PBXBuildFile; fileRef = C1584BE6241A3C1B0038EA38 /* Alertift.framework */; };
		C1584BF7241A3C1B0038EA38 /* Alertift.framework in Embed Frameworks */ = {isa = PBXBuildFile; fileRef = C1584BE6241A3C1B0038EA38 /* Alertift.framework */; settings = {ATTRIBUTES = (CodeSignOnCopy, RemoveHeadersOnCopy, ); }; };
		C1584BF8241A3C1B0038EA38 /* PKHUD.framework in Frameworks */ = {isa = PBXBuildFile; fileRef = C1584BE7241A3C1B0038EA38 /* PKHUD.framework */; };
		C1584BF9241A3C1B0038EA38 /* PKHUD.framework in Embed Frameworks */ = {isa = PBXBuildFile; fileRef = C1584BE7241A3C1B0038EA38 /* PKHUD.framework */; settings = {ATTRIBUTES = (CodeSignOnCopy, RemoveHeadersOnCopy, ); }; };
		C1584BFC241A41C70038EA38 /* Alertift.framework in Frameworks */ = {isa = PBXBuildFile; fileRef = C1584BE6241A3C1B0038EA38 /* Alertift.framework */; };
		C1584BFD241A41C70038EA38 /* Alertift.framework in Embed Frameworks */ = {isa = PBXBuildFile; fileRef = C1584BE6241A3C1B0038EA38 /* Alertift.framework */; settings = {ATTRIBUTES = (CodeSignOnCopy, RemoveHeadersOnCopy, ); }; };
		C1584BFE241A41C70038EA38 /* PKHUD.framework in Frameworks */ = {isa = PBXBuildFile; fileRef = C1584BE7241A3C1B0038EA38 /* PKHUD.framework */; };
		C1584BFF241A41C70038EA38 /* PKHUD.framework in Embed Frameworks */ = {isa = PBXBuildFile; fileRef = C1584BE7241A3C1B0038EA38 /* PKHUD.framework */; settings = {ATTRIBUTES = (CodeSignOnCopy, RemoveHeadersOnCopy, ); }; };
		C1584C00241A41C70038EA38 /* Realm.framework in Frameworks */ = {isa = PBXBuildFile; fileRef = C1584BE0241A3C1B0038EA38 /* Realm.framework */; };
		C1584C01241A41C70038EA38 /* Realm.framework in Embed Frameworks */ = {isa = PBXBuildFile; fileRef = C1584BE0241A3C1B0038EA38 /* Realm.framework */; settings = {ATTRIBUTES = (CodeSignOnCopy, RemoveHeadersOnCopy, ); }; };
		C1584C02241A41C70038EA38 /* RealmSwift.framework in Frameworks */ = {isa = PBXBuildFile; fileRef = C1584BE5241A3C1B0038EA38 /* RealmSwift.framework */; };
		C1584C03241A41C70038EA38 /* RealmSwift.framework in Embed Frameworks */ = {isa = PBXBuildFile; fileRef = C1584BE5241A3C1B0038EA38 /* RealmSwift.framework */; settings = {ATTRIBUTES = (CodeSignOnCopy, RemoveHeadersOnCopy, ); }; };
		C1584C04241A41C70038EA38 /* Rswift.framework in Frameworks */ = {isa = PBXBuildFile; fileRef = C1584BE3241A3C1B0038EA38 /* Rswift.framework */; };
		C1584C05241A41C70038EA38 /* Rswift.framework in Embed Frameworks */ = {isa = PBXBuildFile; fileRef = C1584BE3241A3C1B0038EA38 /* Rswift.framework */; settings = {ATTRIBUTES = (CodeSignOnCopy, RemoveHeadersOnCopy, ); }; };
		C1584C06241A41C70038EA38 /* RxCocoa.framework in Frameworks */ = {isa = PBXBuildFile; fileRef = C1584BE4241A3C1B0038EA38 /* RxCocoa.framework */; };
		C1584C07241A41C70038EA38 /* RxCocoa.framework in Embed Frameworks */ = {isa = PBXBuildFile; fileRef = C1584BE4241A3C1B0038EA38 /* RxCocoa.framework */; settings = {ATTRIBUTES = (CodeSignOnCopy, RemoveHeadersOnCopy, ); }; };
		C1584C08241A41C70038EA38 /* RxRealm.framework in Frameworks */ = {isa = PBXBuildFile; fileRef = C1584BE2241A3C1B0038EA38 /* RxRealm.framework */; };
		C1584C09241A41C70038EA38 /* RxRealm.framework in Embed Frameworks */ = {isa = PBXBuildFile; fileRef = C1584BE2241A3C1B0038EA38 /* RxRealm.framework */; settings = {ATTRIBUTES = (CodeSignOnCopy, RemoveHeadersOnCopy, ); }; };
		C1584C0A241A41C70038EA38 /* RxRelay.framework in Frameworks */ = {isa = PBXBuildFile; fileRef = C1584BDF241A3C1B0038EA38 /* RxRelay.framework */; };
		C1584C0B241A41C70038EA38 /* RxRelay.framework in Embed Frameworks */ = {isa = PBXBuildFile; fileRef = C1584BDF241A3C1B0038EA38 /* RxRelay.framework */; settings = {ATTRIBUTES = (CodeSignOnCopy, RemoveHeadersOnCopy, ); }; };
		C1584C0C241A41C70038EA38 /* RxSwift.framework in Frameworks */ = {isa = PBXBuildFile; fileRef = C1584BE1241A3C1B0038EA38 /* RxSwift.framework */; };
		C1584C0D241A41C70038EA38 /* RxSwift.framework in Embed Frameworks */ = {isa = PBXBuildFile; fileRef = C1584BE1241A3C1B0038EA38 /* RxSwift.framework */; settings = {ATTRIBUTES = (CodeSignOnCopy, RemoveHeadersOnCopy, ); }; };
		C1D531B82419FFEE00641D97 /* AppDelegate.swift in Sources */ = {isa = PBXBuildFile; fileRef = C1D531B72419FFEE00641D97 /* AppDelegate.swift */; };
		C1D531BA2419FFEE00641D97 /* SceneDelegate.swift in Sources */ = {isa = PBXBuildFile; fileRef = C1D531B92419FFEE00641D97 /* SceneDelegate.swift */; };
		C1D531BC2419FFEE00641D97 /* HomeViewController.swift in Sources */ = {isa = PBXBuildFile; fileRef = C1D531BB2419FFEE00641D97 /* HomeViewController.swift */; };
		C1D531BF2419FFEE00641D97 /* Home.storyboard in Resources */ = {isa = PBXBuildFile; fileRef = C1D531BD2419FFEE00641D97 /* Home.storyboard */; };
		C1D531C12419FFEF00641D97 /* Assets.xcassets in Resources */ = {isa = PBXBuildFile; fileRef = C1D531C02419FFEF00641D97 /* Assets.xcassets */; };
		C1D531C42419FFEF00641D97 /* LaunchScreen.storyboard in Resources */ = {isa = PBXBuildFile; fileRef = C1D531C22419FFEF00641D97 /* LaunchScreen.storyboard */; };
		C1D531D3241A0D1F00641D97 /* HomeViewController.swift in Sources */ = {isa = PBXBuildFile; fileRef = C1D531BB2419FFEE00641D97 /* HomeViewController.swift */; };
		C1D531D4241A0D1F00641D97 /* AppDelegate.swift in Sources */ = {isa = PBXBuildFile; fileRef = C1D531B72419FFEE00641D97 /* AppDelegate.swift */; };
		C1D531D5241A0D1F00641D97 /* SceneDelegate.swift in Sources */ = {isa = PBXBuildFile; fileRef = C1D531B92419FFEE00641D97 /* SceneDelegate.swift */; };
		C1D531D8241A0D1F00641D97 /* LaunchScreen.storyboard in Resources */ = {isa = PBXBuildFile; fileRef = C1D531C22419FFEF00641D97 /* LaunchScreen.storyboard */; };
		C1D531D9241A0D1F00641D97 /* Assets.xcassets in Resources */ = {isa = PBXBuildFile; fileRef = C1D531C02419FFEF00641D97 /* Assets.xcassets */; };
		C1D531DA241A0D1F00641D97 /* Home.storyboard in Resources */ = {isa = PBXBuildFile; fileRef = C1D531BD2419FFEE00641D97 /* Home.storyboard */; };
		C1DDA56A241E5D5700F07171 /* TotalWPView.swift in Sources */ = {isa = PBXBuildFile; fileRef = C1DDA569241E5D5700F07171 /* TotalWPView.swift */; };
		C1DDA56C241E5D6800F07171 /* TotalWPView.xib in Resources */ = {isa = PBXBuildFile; fileRef = C1DDA56B241E5D6800F07171 /* TotalWPView.xib */; };
		C1DDA56E241E5DF800F07171 /* GeneralListView.xib in Resources */ = {isa = PBXBuildFile; fileRef = C1DDA56D241E5DF800F07171 /* GeneralListView.xib */; };
		C1DDA570241E5E1600F07171 /* GeneralListView.swift in Sources */ = {isa = PBXBuildFile; fileRef = C1DDA56F241E5E1600F07171 /* GeneralListView.swift */; };
		C1DDA574241E5F7F00F07171 /* Titillium_Web in Resources */ = {isa = PBXBuildFile; fileRef = C1DDA573241E5F7F00F07171 /* Titillium_Web */; };
		C1DDA575241E5FF600F07171 /* TotalWPView.xib in Resources */ = {isa = PBXBuildFile; fileRef = C1DDA56B241E5D6800F07171 /* TotalWPView.xib */; };
		C1DDA576241E5FF600F07171 /* GeneralListView.xib in Resources */ = {isa = PBXBuildFile; fileRef = C1DDA56D241E5DF800F07171 /* GeneralListView.xib */; };
		C1DDA577241E5FF600F07171 /* Titillium_Web in Resources */ = {isa = PBXBuildFile; fileRef = C1DDA573241E5F7F00F07171 /* Titillium_Web */; };
		C1DDA579241E647100F07171 /* PrimaryColorView.swift in Sources */ = {isa = PBXBuildFile; fileRef = C1DDA578241E647100F07171 /* PrimaryColorView.swift */; };
		C1DDA57A241E64FF00F07171 /* TotalWPView.swift in Sources */ = {isa = PBXBuildFile; fileRef = C1DDA569241E5D5700F07171 /* TotalWPView.swift */; };
		C1DDA57B241E64FF00F07171 /* GeneralListView.swift in Sources */ = {isa = PBXBuildFile; fileRef = C1DDA56F241E5E1600F07171 /* GeneralListView.swift */; };
		C1DDA57C241E64FF00F07171 /* PrimaryColorView.swift in Sources */ = {isa = PBXBuildFile; fileRef = C1DDA578241E647100F07171 /* PrimaryColorView.swift */; };
		C1DDA57D241E64FF00F07171 /* User.swift in Sources */ = {isa = PBXBuildFile; fileRef = C134F07B241D19EB00511B2A /* User.swift */; };
		C1DDA581241E66DD00F07171 /* UIViewController+LargeTitle.swift in Sources */ = {isa = PBXBuildFile; fileRef = C1DDA580241E66DD00F07171 /* UIViewController+LargeTitle.swift */; };
		C1DDA582241E672400F07171 /* UIViewController+LargeTitle.swift in Sources */ = {isa = PBXBuildFile; fileRef = C1DDA580241E66DD00F07171 /* UIViewController+LargeTitle.swift */; };
		C1DDA585241E6A2500F07171 /* TableHeaderView.xib in Resources */ = {isa = PBXBuildFile; fileRef = C1DDA584241E6A2500F07171 /* TableHeaderView.xib */; };
		C1DDA588241E6BBF00F07171 /* ListTableViewCell.swift in Sources */ = {isa = PBXBuildFile; fileRef = C1DDA586241E6BBF00F07171 /* ListTableViewCell.swift */; };
		C1DDA589241E6BBF00F07171 /* ListTableViewCell.xib in Resources */ = {isa = PBXBuildFile; fileRef = C1DDA587241E6BBF00F07171 /* ListTableViewCell.xib */; };
		C1DDA58A241E6BC800F07171 /* TableHeaderView.xib in Resources */ = {isa = PBXBuildFile; fileRef = C1DDA584241E6A2500F07171 /* TableHeaderView.xib */; };
		C1DDA58B241E6BC800F07171 /* ListTableViewCell.xib in Resources */ = {isa = PBXBuildFile; fileRef = C1DDA587241E6BBF00F07171 /* ListTableViewCell.xib */; };
		C1DDA58C241E6BCE00F07171 /* ListTableViewCell.swift in Sources */ = {isa = PBXBuildFile; fileRef = C1DDA586241E6BBF00F07171 /* ListTableViewCell.swift */; };
/* End PBXBuildFile section */

/* Begin PBXCopyFilesBuildPhase section */
		C1584BFA241A3C1B0038EA38 /* Embed Frameworks */ = {
			isa = PBXCopyFilesBuildPhase;
			buildActionMask = 2147483647;
			dstPath = "";
			dstSubfolderSpec = 10;
			files = (
				C1584BF9241A3C1B0038EA38 /* PKHUD.framework in Embed Frameworks */,
				C1584BF3241A3C1B0038EA38 /* RxCocoa.framework in Embed Frameworks */,
				C1584BF7241A3C1B0038EA38 /* Alertift.framework in Embed Frameworks */,
				C1584BEF241A3C1B0038EA38 /* RxRealm.framework in Embed Frameworks */,
				C1584BF5241A3C1B0038EA38 /* RealmSwift.framework in Embed Frameworks */,
				C1584BEB241A3C1B0038EA38 /* Realm.framework in Embed Frameworks */,
				C1584BE9241A3C1B0038EA38 /* RxRelay.framework in Embed Frameworks */,
				C1584BF1241A3C1B0038EA38 /* Rswift.framework in Embed Frameworks */,
				C1584BED241A3C1B0038EA38 /* RxSwift.framework in Embed Frameworks */,
			);
			name = "Embed Frameworks";
			runOnlyForDeploymentPostprocessing = 0;
		};
		C1584C0E241A41C70038EA38 /* Embed Frameworks */ = {
			isa = PBXCopyFilesBuildPhase;
			buildActionMask = 2147483647;
			dstPath = "";
			dstSubfolderSpec = 10;
			files = (
				C1584C07241A41C70038EA38 /* RxCocoa.framework in Embed Frameworks */,
				C1584C01241A41C70038EA38 /* Realm.framework in Embed Frameworks */,
				C1584C0D241A41C70038EA38 /* RxSwift.framework in Embed Frameworks */,
				C1584BFD241A41C70038EA38 /* Alertift.framework in Embed Frameworks */,
				C1584C03241A41C70038EA38 /* RealmSwift.framework in Embed Frameworks */,
				C1584C0B241A41C70038EA38 /* RxRelay.framework in Embed Frameworks */,
				C1584C05241A41C70038EA38 /* Rswift.framework in Embed Frameworks */,
				C1584C09241A41C70038EA38 /* RxRealm.framework in Embed Frameworks */,
				C1584BFF241A41C70038EA38 /* PKHUD.framework in Embed Frameworks */,
			);
			name = "Embed Frameworks";
			runOnlyForDeploymentPostprocessing = 0;
		};
/* End PBXCopyFilesBuildPhase section */

/* Begin PBXFileReference section */
		C134F06F241D124A00511B2A /* Material.swift */ = {isa = PBXFileReference; lastKnownFileType = sourcecode.swift; path = Material.swift; sourceTree = "<group>"; };
		C134F071241D137B00511B2A /* Terms.swift */ = {isa = PBXFileReference; lastKnownFileType = sourcecode.swift; path = Terms.swift; sourceTree = "<group>"; };
		C134F073241D15D700511B2A /* List.swift */ = {isa = PBXFileReference; lastKnownFileType = sourcecode.swift; path = List.swift; sourceTree = "<group>"; };
		C134F078241D172600511B2A /* Task.swift */ = {isa = PBXFileReference; lastKnownFileType = sourcecode.swift; path = Task.swift; sourceTree = "<group>"; };
		C134F07B241D19EB00511B2A /* User.swift */ = {isa = PBXFileReference; lastKnownFileType = sourcecode.swift; path = User.swift; sourceTree = "<group>"; };
		C13DD54D241B32E700248D29 /* Settings.bundle */ = {isa = PBXFileReference; lastKnownFileType = "wrapper.plug-in"; path = Settings.bundle; sourceTree = "<group>"; };
		C13DD553241CAF9900248D29 /* WKWKCollection.storyboard */ = {isa = PBXFileReference; lastKnownFileType = file.storyboard; path = WKWKCollection.storyboard; sourceTree = "<group>"; };
		C13DD555241CAFAB00248D29 /* TaskList.storyboard */ = {isa = PBXFileReference; lastKnownFileType = file.storyboard; path = TaskList.storyboard; sourceTree = "<group>"; };
		C13DD557241CAFC400248D29 /* TaskListViewController.swift */ = {isa = PBXFileReference; lastKnownFileType = sourcecode.swift; path = TaskListViewController.swift; sourceTree = "<group>"; };
		C13DD559241CAFD200248D29 /* WKWKCollectionViewController.swift */ = {isa = PBXFileReference; lastKnownFileType = sourcecode.swift; path = WKWKCollectionViewController.swift; sourceTree = "<group>"; };
		C13DD55C241CB09A00248D29 /* WalkThroughViewController.swift */ = {isa = PBXFileReference; lastKnownFileType = sourcecode.swift; path = WalkThroughViewController.swift; sourceTree = "<group>"; };
		C13DD55E241CB0A100248D29 /* WalkThrough.storyboard */ = {isa = PBXFileReference; lastKnownFileType = file.storyboard; path = WalkThrough.storyboard; sourceTree = "<group>"; };
		C13DD561241CB72800248D29 /* Color.xcassets */ = {isa = PBXFileReference; lastKnownFileType = folder.assetcatalog; path = Color.xcassets; sourceTree = "<group>"; };
		C13DD563241CB95000248D29 /* R.generated.swift */ = {isa = PBXFileReference; fileEncoding = 4; lastKnownFileType = sourcecode.swift; path = R.generated.swift; sourceTree = SOURCE_ROOT; };
		C13DD56E241CC59E00248D29 /* UIView+Gradient.swift */ = {isa = PBXFileReference; lastKnownFileType = sourcecode.swift; path = "UIView+Gradient.swift"; sourceTree = "<group>"; };
		C1584BDF241A3C1B0038EA38 /* RxRelay.framework */ = {isa = PBXFileReference; lastKnownFileType = wrapper.framework; name = RxRelay.framework; path = Carthage/Build/iOS/RxRelay.framework; sourceTree = "<group>"; };
		C1584BE0241A3C1B0038EA38 /* Realm.framework */ = {isa = PBXFileReference; lastKnownFileType = wrapper.framework; name = Realm.framework; path = Carthage/Build/iOS/Realm.framework; sourceTree = "<group>"; };
		C1584BE1241A3C1B0038EA38 /* RxSwift.framework */ = {isa = PBXFileReference; lastKnownFileType = wrapper.framework; name = RxSwift.framework; path = Carthage/Build/iOS/RxSwift.framework; sourceTree = "<group>"; };
		C1584BE2241A3C1B0038EA38 /* RxRealm.framework */ = {isa = PBXFileReference; lastKnownFileType = wrapper.framework; name = RxRealm.framework; path = Carthage/Build/iOS/RxRealm.framework; sourceTree = "<group>"; };
		C1584BE3241A3C1B0038EA38 /* Rswift.framework */ = {isa = PBXFileReference; lastKnownFileType = wrapper.framework; name = Rswift.framework; path = Carthage/Build/iOS/Rswift.framework; sourceTree = "<group>"; };
		C1584BE4241A3C1B0038EA38 /* RxCocoa.framework */ = {isa = PBXFileReference; lastKnownFileType = wrapper.framework; name = RxCocoa.framework; path = Carthage/Build/iOS/RxCocoa.framework; sourceTree = "<group>"; };
		C1584BE5241A3C1B0038EA38 /* RealmSwift.framework */ = {isa = PBXFileReference; lastKnownFileType = wrapper.framework; name = RealmSwift.framework; path = Carthage/Build/iOS/RealmSwift.framework; sourceTree = "<group>"; };
		C1584BE6241A3C1B0038EA38 /* Alertift.framework */ = {isa = PBXFileReference; lastKnownFileType = wrapper.framework; name = Alertift.framework; path = Carthage/Build/iOS/Alertift.framework; sourceTree = "<group>"; };
		C1584BE7241A3C1B0038EA38 /* PKHUD.framework */ = {isa = PBXFileReference; lastKnownFileType = wrapper.framework; name = PKHUD.framework; path = Carthage/Build/iOS/PKHUD.framework; sourceTree = "<group>"; };
		C1584C0F241A41C70038EA38 /* RxBlocking.framework */ = {isa = PBXFileReference; lastKnownFileType = wrapper.framework; name = RxBlocking.framework; path = Carthage/Build/iOS/RxBlocking.framework; sourceTree = "<group>"; };
		C1584C10241A41C70038EA38 /* RxTest.framework */ = {isa = PBXFileReference; lastKnownFileType = wrapper.framework; name = RxTest.framework; path = Carthage/Build/iOS/RxTest.framework; sourceTree = "<group>"; };
		C1D531B42419FFEE00641D97 /* wkwktodo.app */ = {isa = PBXFileReference; explicitFileType = wrapper.application; includeInIndex = 0; path = wkwktodo.app; sourceTree = BUILT_PRODUCTS_DIR; };
		C1D531B72419FFEE00641D97 /* AppDelegate.swift */ = {isa = PBXFileReference; lastKnownFileType = sourcecode.swift; path = AppDelegate.swift; sourceTree = "<group>"; };
		C1D531B92419FFEE00641D97 /* SceneDelegate.swift */ = {isa = PBXFileReference; lastKnownFileType = sourcecode.swift; path = SceneDelegate.swift; sourceTree = "<group>"; };
		C1D531BB2419FFEE00641D97 /* HomeViewController.swift */ = {isa = PBXFileReference; lastKnownFileType = sourcecode.swift; path = HomeViewController.swift; sourceTree = "<group>"; };
		C1D531BE2419FFEE00641D97 /* Base */ = {isa = PBXFileReference; lastKnownFileType = file.storyboard; name = Base; path = Base.lproj/Home.storyboard; sourceTree = "<group>"; };
		C1D531C02419FFEF00641D97 /* Assets.xcassets */ = {isa = PBXFileReference; lastKnownFileType = folder.assetcatalog; path = Assets.xcassets; sourceTree = "<group>"; };
		C1D531C32419FFEF00641D97 /* Base */ = {isa = PBXFileReference; lastKnownFileType = file.storyboard; name = Base; path = Base.lproj/LaunchScreen.storyboard; sourceTree = "<group>"; };
		C1D531C52419FFEF00641D97 /* Info.plist */ = {isa = PBXFileReference; lastKnownFileType = text.plist.xml; path = Info.plist; sourceTree = "<group>"; };
		C1D531DE241A0D1F00641D97 /* wkwktodo_dev.app */ = {isa = PBXFileReference; explicitFileType = wrapper.application; includeInIndex = 0; path = wkwktodo_dev.app; sourceTree = BUILT_PRODUCTS_DIR; };
		C1D531DF241A0D1F00641D97 /* dev-Info.plist */ = {isa = PBXFileReference; lastKnownFileType = text.plist.xml; name = "dev-Info.plist"; path = "/Users/ren_matsushita/Documents/Swift/wkwktodo/dev-Info.plist"; sourceTree = "<absolute>"; };
		C1DDA569241E5D5700F07171 /* TotalWPView.swift */ = {isa = PBXFileReference; lastKnownFileType = sourcecode.swift; path = TotalWPView.swift; sourceTree = "<group>"; };
		C1DDA56B241E5D6800F07171 /* TotalWPView.xib */ = {isa = PBXFileReference; lastKnownFileType = file.xib; path = TotalWPView.xib; sourceTree = "<group>"; };
		C1DDA56D241E5DF800F07171 /* GeneralListView.xib */ = {isa = PBXFileReference; lastKnownFileType = file.xib; path = GeneralListView.xib; sourceTree = "<group>"; };
		C1DDA56F241E5E1600F07171 /* GeneralListView.swift */ = {isa = PBXFileReference; lastKnownFileType = sourcecode.swift; path = GeneralListView.swift; sourceTree = "<group>"; };
		C1DDA573241E5F7F00F07171 /* Titillium_Web */ = {isa = PBXFileReference; lastKnownFileType = folder; path = Titillium_Web; sourceTree = "<group>"; };
		C1DDA578241E647100F07171 /* PrimaryColorView.swift */ = {isa = PBXFileReference; lastKnownFileType = sourcecode.swift; path = PrimaryColorView.swift; sourceTree = "<group>"; };
		C1DDA580241E66DD00F07171 /* UIViewController+LargeTitle.swift */ = {isa = PBXFileReference; lastKnownFileType = sourcecode.swift; path = "UIViewController+LargeTitle.swift"; sourceTree = "<group>"; };
		C1DDA584241E6A2500F07171 /* TableHeaderView.xib */ = {isa = PBXFileReference; lastKnownFileType = file.xib; path = TableHeaderView.xib; sourceTree = "<group>"; };
		C1DDA586241E6BBF00F07171 /* ListTableViewCell.swift */ = {isa = PBXFileReference; lastKnownFileType = sourcecode.swift; path = ListTableViewCell.swift; sourceTree = "<group>"; };
		C1DDA587241E6BBF00F07171 /* ListTableViewCell.xib */ = {isa = PBXFileReference; lastKnownFileType = file.xib; path = ListTableViewCell.xib; sourceTree = "<group>"; };
/* End PBXFileReference section */

/* Begin PBXFrameworksBuildPhase section */
		C1D531B12419FFEE00641D97 /* Frameworks */ = {
			isa = PBXFrameworksBuildPhase;
			buildActionMask = 2147483647;
			files = (
				C1584BF8241A3C1B0038EA38 /* PKHUD.framework in Frameworks */,
				C1584BF2241A3C1B0038EA38 /* RxCocoa.framework in Frameworks */,
				C1584BF6241A3C1B0038EA38 /* Alertift.framework in Frameworks */,
				C1584BEE241A3C1B0038EA38 /* RxRealm.framework in Frameworks */,
				C1584BF4241A3C1B0038EA38 /* RealmSwift.framework in Frameworks */,
				C1584BEA241A3C1B0038EA38 /* Realm.framework in Frameworks */,
				C1584BE8241A3C1B0038EA38 /* RxRelay.framework in Frameworks */,
				C1584BF0241A3C1B0038EA38 /* Rswift.framework in Frameworks */,
				C1584BEC241A3C1B0038EA38 /* RxSwift.framework in Frameworks */,
			);
			runOnlyForDeploymentPostprocessing = 0;
		};
		C1D531D6241A0D1F00641D97 /* Frameworks */ = {
			isa = PBXFrameworksBuildPhase;
			buildActionMask = 2147483647;
			files = (
				C1584C06241A41C70038EA38 /* RxCocoa.framework in Frameworks */,
				C1584C00241A41C70038EA38 /* Realm.framework in Frameworks */,
				C1584C0C241A41C70038EA38 /* RxSwift.framework in Frameworks */,
				C1584BFC241A41C70038EA38 /* Alertift.framework in Frameworks */,
				C1584C02241A41C70038EA38 /* RealmSwift.framework in Frameworks */,
				C1584C0A241A41C70038EA38 /* RxRelay.framework in Frameworks */,
				C1584C04241A41C70038EA38 /* Rswift.framework in Frameworks */,
				C1584C08241A41C70038EA38 /* RxRealm.framework in Frameworks */,
				C1584BFE241A41C70038EA38 /* PKHUD.framework in Frameworks */,
			);
			runOnlyForDeploymentPostprocessing = 0;
		};
/* End PBXFrameworksBuildPhase section */

/* Begin PBXGroup section */
		C13DD550241CAF6100248D29 /* Home */ = {
			isa = PBXGroup;
			children = (
				C1D531BB2419FFEE00641D97 /* HomeViewController.swift */,
				C1DDA569241E5D5700F07171 /* TotalWPView.swift */,
				C1DDA56F241E5E1600F07171 /* GeneralListView.swift */,
				C1D531BD2419FFEE00641D97 /* Home.storyboard */,
				C1DDA56B241E5D6800F07171 /* TotalWPView.xib */,
				C1DDA56D241E5DF800F07171 /* GeneralListView.xib */,
				C1DDA584241E6A2500F07171 /* TableHeaderView.xib */,
				C1DDA586241E6BBF00F07171 /* ListTableViewCell.swift */,
				C1DDA587241E6BBF00F07171 /* ListTableViewCell.xib */,
			);
			path = Home;
			sourceTree = "<group>";
		};
		C13DD551241CAF6700248D29 /* TaskList */ = {
			isa = PBXGroup;
			children = (
				C13DD555241CAFAB00248D29 /* TaskList.storyboard */,
				C13DD557241CAFC400248D29 /* TaskListViewController.swift */,
			);
			path = TaskList;
			sourceTree = "<group>";
		};
		C13DD552241CAF6D00248D29 /* WKWKCollection */ = {
			isa = PBXGroup;
			children = (
				C13DD553241CAF9900248D29 /* WKWKCollection.storyboard */,
				C13DD559241CAFD200248D29 /* WKWKCollectionViewController.swift */,
			);
			path = WKWKCollection;
			sourceTree = "<group>";
		};
		C13DD55B241CB08000248D29 /* WalkThrough */ = {
			isa = PBXGroup;
			children = (
				C13DD55E241CB0A100248D29 /* WalkThrough.storyboard */,
				C13DD55C241CB09A00248D29 /* WalkThroughViewController.swift */,
			);
			path = WalkThrough;
			sourceTree = "<group>";
		};
		C13DD560241CB0AE00248D29 /* Components */ = {
			isa = PBXGroup;
			children = (
				C1DDA578241E647100F07171 /* PrimaryColorView.swift */,
			);
			path = Components;
			sourceTree = "<group>";
		};
		C1584BDE241A3C1B0038EA38 /* Frameworks */ = {
			isa = PBXGroup;
			children = (
				C1584C0F241A41C70038EA38 /* RxBlocking.framework */,
				C1584C10241A41C70038EA38 /* RxTest.framework */,
				C1584BE6241A3C1B0038EA38 /* Alertift.framework */,
				C1584BE7241A3C1B0038EA38 /* PKHUD.framework */,
				C1584BE0241A3C1B0038EA38 /* Realm.framework */,
				C1584BE5241A3C1B0038EA38 /* RealmSwift.framework */,
				C1584BE3241A3C1B0038EA38 /* Rswift.framework */,
				C1584BE4241A3C1B0038EA38 /* RxCocoa.framework */,
				C1584BE2241A3C1B0038EA38 /* RxRealm.framework */,
				C1584BDF241A3C1B0038EA38 /* RxRelay.framework */,
				C1584BE1241A3C1B0038EA38 /* RxSwift.framework */,
			);
			name = Frameworks;
			sourceTree = "<group>";
		};
		C1D531AB2419FFEE00641D97 = {
			isa = PBXGroup;
			children = (
				C1D531B62419FFEE00641D97 /* wkwktodo */,
				C1D531B52419FFEE00641D97 /* Products */,
				C1584BDE241A3C1B0038EA38 /* Frameworks */,
			);
			sourceTree = "<group>";
		};
		C1D531B52419FFEE00641D97 /* Products */ = {
			isa = PBXGroup;
			children = (
				C1D531B42419FFEE00641D97 /* wkwktodo.app */,
				C1D531DE241A0D1F00641D97 /* wkwktodo_dev.app */,
			);
			name = Products;
			sourceTree = "<group>";
		};
		C1D531B62419FFEE00641D97 /* wkwktodo */ = {
			isa = PBXGroup;
			children = (
				C1D531CB241A003C00641D97 /* App */,
				C1D531CD241A01CF00641D97 /* View */,
				C1D531CF241A01DB00641D97 /* API */,
				C1D531CE241A01D500641D97 /* Entity */,
				C1D531D0241A0B4400641D97 /* Extension */,
				C1D531CC241A010200641D97 /* Resources */,
			);
			path = wkwktodo;
			sourceTree = "<group>";
		};
		C1D531CB241A003C00641D97 /* App */ = {
			isa = PBXGroup;
			children = (
				C1D531B72419FFEE00641D97 /* AppDelegate.swift */,
				C1D531B92419FFEE00641D97 /* SceneDelegate.swift */,
			);
			path = App;
			sourceTree = "<group>";
		};
		C1D531CC241A010200641D97 /* Resources */ = {
			isa = PBXGroup;
			children = (
				C13DD563241CB95000248D29 /* R.generated.swift */,
				C13DD54D241B32E700248D29 /* Settings.bundle */,
				C1DDA573241E5F7F00F07171 /* Titillium_Web */,
				C13DD561241CB72800248D29 /* Color.xcassets */,
				C1D531C02419FFEF00641D97 /* Assets.xcassets */,
				C1D531C22419FFEF00641D97 /* LaunchScreen.storyboard */,
				C1D531C52419FFEF00641D97 /* Info.plist */,
				C1D531DF241A0D1F00641D97 /* dev-Info.plist */,
			);
			path = Resources;
			sourceTree = "<group>";
		};
		C1D531CD241A01CF00641D97 /* View */ = {
			isa = PBXGroup;
			children = (
				C13DD55B241CB08000248D29 /* WalkThrough */,
				C13DD552241CAF6D00248D29 /* WKWKCollection */,
				C13DD551241CAF6700248D29 /* TaskList */,
				C13DD550241CAF6100248D29 /* Home */,
				C13DD560241CB0AE00248D29 /* Components */,
			);
			path = View;
			sourceTree = "<group>";
		};
		C1D531CE241A01D500641D97 /* Entity */ = {
			isa = PBXGroup;
			children = (
				C134F07B241D19EB00511B2A /* User.swift */,
				C134F078241D172600511B2A /* Task.swift */,
				C134F073241D15D700511B2A /* List.swift */,
				C134F06F241D124A00511B2A /* Material.swift */,
				C134F071241D137B00511B2A /* Terms.swift */,
			);
			path = Entity;
			sourceTree = "<group>";
		};
		C1D531CF241A01DB00641D97 /* API */ = {
			isa = PBXGroup;
			children = (
			);
			path = API;
			sourceTree = "<group>";
		};
		C1D531D0241A0B4400641D97 /* Extension */ = {
			isa = PBXGroup;
			children = (
				C13DD56E241CC59E00248D29 /* UIView+Gradient.swift */,
				C1DDA580241E66DD00F07171 /* UIViewController+LargeTitle.swift */,
			);
			path = Extension;
			sourceTree = "<group>";
		};
/* End PBXGroup section */

/* Begin PBXNativeTarget section */
		C1D531B32419FFEE00641D97 /* wkwktodo */ = {
			isa = PBXNativeTarget;
			buildConfigurationList = C1D531C82419FFEF00641D97 /* Build configuration list for PBXNativeTarget "wkwktodo" */;
			buildPhases = (
				C1D531B12419FFEE00641D97 /* Frameworks */,
				C1D531B22419FFEE00641D97 /* Resources */,
				C1584BFA241A3C1B0038EA38 /* Embed Frameworks */,
				C1584BFB241A3C2C0038EA38 /* Run Script - Carthage */,
				C1584C16241A43700038EA38 /* Run Script - Rswift */,
				C13DD54F241B336900248D29 /* Run Script - LicensePlist */,
				C1D531B02419FFEE00641D97 /* Sources */,
			);
			buildRules = (
			);
			dependencies = (
			);
			name = wkwktodo;
			productName = wkwktodo;
			productReference = C1D531B42419FFEE00641D97 /* wkwktodo.app */;
			productType = "com.apple.product-type.application";
		};
		C1D531D1241A0D1F00641D97 /* wkwktodo_dev */ = {
			isa = PBXNativeTarget;
			buildConfigurationList = C1D531DB241A0D1F00641D97 /* Build configuration list for PBXNativeTarget "wkwktodo_dev" */;
			buildPhases = (
				C1D531D6241A0D1F00641D97 /* Frameworks */,
				C1D531D7241A0D1F00641D97 /* Resources */,
				C1584C0E241A41C70038EA38 /* Embed Frameworks */,
				C1D531E0241A10D800641D97 /* Run Script - SwiftLint */,
				C1584C15241A41D60038EA38 /* Run Script - Carthage */,
				C1584C17241A44C50038EA38 /* Run Script - Rswift */,
				C1D531D2241A0D1F00641D97 /* Sources */,
			);
			buildRules = (
			);
			dependencies = (
			);
			name = wkwktodo_dev;
			productName = wkwktodo;
			productReference = C1D531DE241A0D1F00641D97 /* wkwktodo_dev.app */;
			productType = "com.apple.product-type.application";
		};
/* End PBXNativeTarget section */

/* Begin PBXProject section */
		C1D531AC2419FFEE00641D97 /* Project object */ = {
			isa = PBXProject;
			attributes = {
				LastSwiftUpdateCheck = 1130;
				LastUpgradeCheck = 1130;
				ORGANIZATIONNAME = "Ren Matsushita";
				TargetAttributes = {
					C1D531B32419FFEE00641D97 = {
						CreatedOnToolsVersion = 11.3.1;
					};
				};
			};
			buildConfigurationList = C1D531AF2419FFEE00641D97 /* Build configuration list for PBXProject "wkwktodo" */;
			compatibilityVersion = "Xcode 9.3";
			developmentRegion = en;
			hasScannedForEncodings = 0;
			knownRegions = (
				en,
				Base,
			);
			mainGroup = C1D531AB2419FFEE00641D97;
			productRefGroup = C1D531B52419FFEE00641D97 /* Products */;
			projectDirPath = "";
			projectRoot = "";
			targets = (
				C1D531B32419FFEE00641D97 /* wkwktodo */,
				C1D531D1241A0D1F00641D97 /* wkwktodo_dev */,
			);
		};
/* End PBXProject section */

/* Begin PBXResourcesBuildPhase section */
		C1D531B22419FFEE00641D97 /* Resources */ = {
			isa = PBXResourcesBuildPhase;
			buildActionMask = 2147483647;
			files = (
				C13DD556241CAFAB00248D29 /* TaskList.storyboard in Resources */,
				C13DD562241CB72800248D29 /* Color.xcassets in Resources */,
				C1D531C42419FFEF00641D97 /* LaunchScreen.storyboard in Resources */,
				C1DDA56C241E5D6800F07171 /* TotalWPView.xib in Resources */,
				C1DDA585241E6A2500F07171 /* TableHeaderView.xib in Resources */,
				C13DD55F241CB0A100248D29 /* WalkThrough.storyboard in Resources */,
				C1DDA56E241E5DF800F07171 /* GeneralListView.xib in Resources */,
				C1D531C12419FFEF00641D97 /* Assets.xcassets in Resources */,
				C13DD554241CAF9900248D29 /* WKWKCollection.storyboard in Resources */,
				C1DDA574241E5F7F00F07171 /* Titillium_Web in Resources */,
				C1DDA589241E6BBF00F07171 /* ListTableViewCell.xib in Resources */,
				C13DD54E241B32E700248D29 /* Settings.bundle in Resources */,
				C1D531BF2419FFEE00641D97 /* Home.storyboard in Resources */,
			);
			runOnlyForDeploymentPostprocessing = 0;
		};
		C1D531D7241A0D1F00641D97 /* Resources */ = {
			isa = PBXResourcesBuildPhase;
			buildActionMask = 2147483647;
			files = (
				C1DDA58A241E6BC800F07171 /* TableHeaderView.xib in Resources */,
				C1DDA58B241E6BC800F07171 /* ListTableViewCell.xib in Resources */,
				C1DDA575241E5FF600F07171 /* TotalWPView.xib in Resources */,
				C1DDA576241E5FF600F07171 /* GeneralListView.xib in Resources */,
				C1DDA577241E5FF600F07171 /* Titillium_Web in Resources */,
				C13DD56D241CC01100248D29 /* Settings.bundle in Resources */,
				C13DD56A241CC00800248D29 /* WalkThrough.storyboard in Resources */,
				C13DD56B241CC00800248D29 /* WKWKCollection.storyboard in Resources */,
				C13DD56C241CC00800248D29 /* TaskList.storyboard in Resources */,
				C13DD565241CBAD800248D29 /* Color.xcassets in Resources */,
				C1D531D8241A0D1F00641D97 /* LaunchScreen.storyboard in Resources */,
				C1D531D9241A0D1F00641D97 /* Assets.xcassets in Resources */,
				C1D531DA241A0D1F00641D97 /* Home.storyboard in Resources */,
			);
			runOnlyForDeploymentPostprocessing = 0;
		};
/* End PBXResourcesBuildPhase section */

/* Begin PBXShellScriptBuildPhase section */
		C13DD54F241B336900248D29 /* Run Script - LicensePlist */ = {
			isa = PBXShellScriptBuildPhase;
			buildActionMask = 2147483647;
			files = (
			);
			inputFileListPaths = (
			);
			inputPaths = (
			);
			name = "Run Script - LicensePlist";
			outputFileListPaths = (
			);
			outputPaths = (
			);
			runOnlyForDeploymentPostprocessing = 0;
			shellPath = /bin/sh;
			shellScript = "# Type a script or drag a script file from your workspace to insert its path.\nif [ $CONFIGURATION = \"Debug\" ]; then\nlicense-plist --output-path $PRODUCT_NAME/Settings.bundle \nfi\n";
		};
		C1584BFB241A3C2C0038EA38 /* Run Script - Carthage */ = {
			isa = PBXShellScriptBuildPhase;
			buildActionMask = 2147483647;
			files = (
			);
			inputFileListPaths = (
			);
			inputPaths = (
				"$(SRCROOT)/Carthage/Build/iOS/RxSwift.framework",
				"$(SRCROOT)/Carthage/Build/iOS/RxCocoa.framework",
				"$(SRCROOT)/Carthage/Build/iOS/RxRelay.framework",
				"$(SRCROOT)/Carthage/Build/iOS/RxRealm.framework",
				"$(SRCROOT)/Carthage/Build/iOS/Realm.framework",
				"$(SRCROOT)/Carthage/Build/iOS/RealmSwift.framework",
				"$(SRCROOT)/Carthage/Build/iOS/PKHUD.framework",
				"$(SRCROOT)/Carthage/Build/iOS/Alertift.framework",
				"$(SRCROOT)/Carthage/Build/iOS/Rswift.framework",
			);
			name = "Run Script - Carthage";
			outputFileListPaths = (
			);
			outputPaths = (
			);
			runOnlyForDeploymentPostprocessing = 0;
			shellPath = /bin/sh;
			shellScript = "# Type a script or drag a script file from your workspace to insert its path.\n/usr/local/bin/carthage copy-frameworks\n";
		};
		C1584C15241A41D60038EA38 /* Run Script - Carthage */ = {
			isa = PBXShellScriptBuildPhase;
			buildActionMask = 2147483647;
			files = (
			);
			inputFileListPaths = (
			);
			inputPaths = (
				"$(SRCROOT)/Carthage/Build/iOS/RxSwift.framework",
				"$(SRCROOT)/Carthage/Build/iOS/RxCocoa.framework",
				"$(SRCROOT)/Carthage/Build/iOS/RxRelay.framework",
				"$(SRCROOT)/Carthage/Build/iOS/RxRealm.framework",
				"$(SRCROOT)/Carthage/Build/iOS/Realm.framework",
				"$(SRCROOT)/Carthage/Build/iOS/RealmSwift.framework",
				"$(SRCROOT)/Carthage/Build/iOS/PKHUD.framework",
				"$(SRCROOT)/Carthage/Build/iOS/Alertift.framework",
				"$(SRCROOT)/Carthage/Build/iOS/Rswift.framework",
			);
			name = "Run Script - Carthage";
			outputFileListPaths = (
			);
			outputPaths = (
			);
			runOnlyForDeploymentPostprocessing = 0;
			shellPath = /bin/sh;
			shellScript = "# Type a script or drag a script file from your workspace to insert its path.\n/usr/local/bin/carthage copy-frameworks\n";
		};
		C1584C16241A43700038EA38 /* Run Script - Rswift */ = {
			isa = PBXShellScriptBuildPhase;
			buildActionMask = 2147483647;
			files = (
			);
			inputFileListPaths = (
			);
			inputPaths = (
				"$TEMP_DIR/rswift-lastrun",
			);
			name = "Run Script - Rswift";
			outputFileListPaths = (
			);
			outputPaths = (
				$SRCROOT/R.generated.swift,
			);
			runOnlyForDeploymentPostprocessing = 0;
			shellPath = /bin/sh;
			shellScript = "# Type a script or drag a script file from your workspace to insert its path.\n\"rswift\" generate \"$SRCROOT/R.generated.swift\"\n";
		};
		C1584C17241A44C50038EA38 /* Run Script - Rswift */ = {
			isa = PBXShellScriptBuildPhase;
			buildActionMask = 2147483647;
			files = (
			);
			inputFileListPaths = (
			);
			inputPaths = (
				"$TEMP_DIR/rswift-lastrun",
			);
			name = "Run Script - Rswift";
			outputFileListPaths = (
			);
			outputPaths = (
				$SRCROOT/R.generated.swift,
			);
			runOnlyForDeploymentPostprocessing = 0;
			shellPath = /bin/sh;
			shellScript = "# Type a script or drag a script file from your workspace to insert its path.\n\"rswift\" generate \"$SRCROOT/R.generated.swift\"\n";
		};
		C1D531E0241A10D800641D97 /* Run Script - SwiftLint */ = {
			isa = PBXShellScriptBuildPhase;
			buildActionMask = 2147483647;
			files = (
			);
			inputFileListPaths = (
			);
			inputPaths = (
			);
			name = "Run Script - SwiftLint";
			outputFileListPaths = (
			);
			outputPaths = (
			);
			runOnlyForDeploymentPostprocessing = 0;
			shellPath = /bin/sh;
			shellScript = "# Type a script or drag a script file from your workspace to insert its path.\nif which swiftlint >/dev/null; then\n  swiftlint\nelse\n  echo \"warning: SwiftLint not installed, download from https://github.com/realm/SwiftLint\"\nfi\n\n";
		};
/* End PBXShellScriptBuildPhase section */

/* Begin PBXSourcesBuildPhase section */
		C1D531B02419FFEE00641D97 /* Sources */ = {
			isa = PBXSourcesBuildPhase;
			buildActionMask = 2147483647;
			files = (
				C1DDA56A241E5D5700F07171 /* TotalWPView.swift in Sources */,
				C134F07C241D19EB00511B2A /* User.swift in Sources */,
				C1D531BC2419FFEE00641D97 /* HomeViewController.swift in Sources */,
				C134F070241D124A00511B2A /* Material.swift in Sources */,
				C13DD564241CB95000248D29 /* R.generated.swift in Sources */,
				C13DD56F241CC59E00248D29 /* UIView+Gradient.swift in Sources */,
				C1DDA581241E66DD00F07171 /* UIViewController+LargeTitle.swift in Sources */,
				C1DDA570241E5E1600F07171 /* GeneralListView.swift in Sources */,
				C134F079241D172600511B2A /* Task.swift in Sources */,
				C1D531B82419FFEE00641D97 /* AppDelegate.swift in Sources */,
				C1DDA588241E6BBF00F07171 /* ListTableViewCell.swift in Sources */,
				C134F072241D137B00511B2A /* Terms.swift in Sources */,
				C134F074241D15D700511B2A /* List.swift in Sources */,
				C13DD55A241CAFD200248D29 /* WKWKCollectionViewController.swift in Sources */,
				C1D531BA2419FFEE00641D97 /* SceneDelegate.swift in Sources */,
				C13DD55D241CB09A00248D29 /* WalkThroughViewController.swift in Sources */,
				C13DD558241CAFC400248D29 /* TaskListViewController.swift in Sources */,
				C1DDA579241E647100F07171 /* PrimaryColorView.swift in Sources */,
			);
			runOnlyForDeploymentPostprocessing = 0;
		};
		C1D531D2241A0D1F00641D97 /* Sources */ = {
			isa = PBXSourcesBuildPhase;
			buildActionMask = 2147483647;
			files = (
				C1DDA58C241E6BCE00F07171 /* ListTableViewCell.swift in Sources */,
				C1DDA582241E672400F07171 /* UIViewController+LargeTitle.swift in Sources */,
				C1DDA57A241E64FF00F07171 /* TotalWPView.swift in Sources */,
				C1DDA57B241E64FF00F07171 /* GeneralListView.swift in Sources */,
				C1DDA57C241E64FF00F07171 /* PrimaryColorView.swift in Sources */,
				C1DDA57D241E64FF00F07171 /* User.swift in Sources */,
				C134F07A241D17EF00511B2A /* Task.swift in Sources */,
				C134F075241D161200511B2A /* Material.swift in Sources */,
				C134F076241D161200511B2A /* Terms.swift in Sources */,
				C134F077241D161200511B2A /* List.swift in Sources */,
				C13DD570241CC6AE00248D29 /* UIView+Gradient.swift in Sources */,
				C13DD566241CBB2B00248D29 /* WalkThroughViewController.swift in Sources */,
				C13DD567241CBB2B00248D29 /* WKWKCollectionViewController.swift in Sources */,
				C13DD568241CBB2B00248D29 /* TaskListViewController.swift in Sources */,
				C13DD569241CBB2B00248D29 /* R.generated.swift in Sources */,
				C1D531D3241A0D1F00641D97 /* HomeViewController.swift in Sources */,
				C1D531D4241A0D1F00641D97 /* AppDelegate.swift in Sources */,
				C1D531D5241A0D1F00641D97 /* SceneDelegate.swift in Sources */,
			);
			runOnlyForDeploymentPostprocessing = 0;
		};
/* End PBXSourcesBuildPhase section */

/* Begin PBXVariantGroup section */
		C1D531BD2419FFEE00641D97 /* Home.storyboard */ = {
			isa = PBXVariantGroup;
			children = (
				C1D531BE2419FFEE00641D97 /* Base */,
			);
			name = Home.storyboard;
			sourceTree = "<group>";
		};
		C1D531C22419FFEF00641D97 /* LaunchScreen.storyboard */ = {
			isa = PBXVariantGroup;
			children = (
				C1D531C32419FFEF00641D97 /* Base */,
			);
			name = LaunchScreen.storyboard;
			sourceTree = "<group>";
		};
/* End PBXVariantGroup section */

/* Begin XCBuildConfiguration section */
		C1D531C62419FFEF00641D97 /* Debug */ = {
			isa = XCBuildConfiguration;
			buildSettings = {
				ALWAYS_SEARCH_USER_PATHS = NO;
				CLANG_ANALYZER_NONNULL = YES;
				CLANG_ANALYZER_NUMBER_OBJECT_CONVERSION = YES_AGGRESSIVE;
				CLANG_CXX_LANGUAGE_STANDARD = "gnu++14";
				CLANG_CXX_LIBRARY = "libc++";
				CLANG_ENABLE_MODULES = YES;
				CLANG_ENABLE_OBJC_ARC = YES;
				CLANG_ENABLE_OBJC_WEAK = YES;
				CLANG_WARN_BLOCK_CAPTURE_AUTORELEASING = YES;
				CLANG_WARN_BOOL_CONVERSION = YES;
				CLANG_WARN_COMMA = YES;
				CLANG_WARN_CONSTANT_CONVERSION = YES;
				CLANG_WARN_DEPRECATED_OBJC_IMPLEMENTATIONS = YES;
				CLANG_WARN_DIRECT_OBJC_ISA_USAGE = YES_ERROR;
				CLANG_WARN_DOCUMENTATION_COMMENTS = YES;
				CLANG_WARN_EMPTY_BODY = YES;
				CLANG_WARN_ENUM_CONVERSION = YES;
				CLANG_WARN_INFINITE_RECURSION = YES;
				CLANG_WARN_INT_CONVERSION = YES;
				CLANG_WARN_NON_LITERAL_NULL_CONVERSION = YES;
				CLANG_WARN_OBJC_IMPLICIT_RETAIN_SELF = YES;
				CLANG_WARN_OBJC_LITERAL_CONVERSION = YES;
				CLANG_WARN_OBJC_ROOT_CLASS = YES_ERROR;
				CLANG_WARN_RANGE_LOOP_ANALYSIS = YES;
				CLANG_WARN_STRICT_PROTOTYPES = YES;
				CLANG_WARN_SUSPICIOUS_MOVE = YES;
				CLANG_WARN_UNGUARDED_AVAILABILITY = YES_AGGRESSIVE;
				CLANG_WARN_UNREACHABLE_CODE = YES;
				CLANG_WARN__DUPLICATE_METHOD_MATCH = YES;
				COPY_PHASE_STRIP = NO;
				DEBUG_INFORMATION_FORMAT = dwarf;
				ENABLE_STRICT_OBJC_MSGSEND = YES;
				ENABLE_TESTABILITY = YES;
				GCC_C_LANGUAGE_STANDARD = gnu11;
				GCC_DYNAMIC_NO_PIC = NO;
				GCC_NO_COMMON_BLOCKS = YES;
				GCC_OPTIMIZATION_LEVEL = 0;
				GCC_PREPROCESSOR_DEFINITIONS = (
					"DEBUG=1",
					"$(inherited)",
				);
				GCC_WARN_64_TO_32_BIT_CONVERSION = YES;
				GCC_WARN_ABOUT_RETURN_TYPE = YES_ERROR;
				GCC_WARN_UNDECLARED_SELECTOR = YES;
				GCC_WARN_UNINITIALIZED_AUTOS = YES_AGGRESSIVE;
				GCC_WARN_UNUSED_FUNCTION = YES;
				GCC_WARN_UNUSED_VARIABLE = YES;
				IPHONEOS_DEPLOYMENT_TARGET = 12.0;
				MTL_ENABLE_DEBUG_INFO = INCLUDE_SOURCE;
				MTL_FAST_MATH = YES;
				ONLY_ACTIVE_ARCH = YES;
				SDKROOT = iphoneos;
				SWIFT_ACTIVE_COMPILATION_CONDITIONS = DEBUG;
				SWIFT_OPTIMIZATION_LEVEL = "-Onone";
			};
			name = Debug;
		};
		C1D531C72419FFEF00641D97 /* Release */ = {
			isa = XCBuildConfiguration;
			buildSettings = {
				ALWAYS_SEARCH_USER_PATHS = NO;
				CLANG_ANALYZER_NONNULL = YES;
				CLANG_ANALYZER_NUMBER_OBJECT_CONVERSION = YES_AGGRESSIVE;
				CLANG_CXX_LANGUAGE_STANDARD = "gnu++14";
				CLANG_CXX_LIBRARY = "libc++";
				CLANG_ENABLE_MODULES = YES;
				CLANG_ENABLE_OBJC_ARC = YES;
				CLANG_ENABLE_OBJC_WEAK = YES;
				CLANG_WARN_BLOCK_CAPTURE_AUTORELEASING = YES;
				CLANG_WARN_BOOL_CONVERSION = YES;
				CLANG_WARN_COMMA = YES;
				CLANG_WARN_CONSTANT_CONVERSION = YES;
				CLANG_WARN_DEPRECATED_OBJC_IMPLEMENTATIONS = YES;
				CLANG_WARN_DIRECT_OBJC_ISA_USAGE = YES_ERROR;
				CLANG_WARN_DOCUMENTATION_COMMENTS = YES;
				CLANG_WARN_EMPTY_BODY = YES;
				CLANG_WARN_ENUM_CONVERSION = YES;
				CLANG_WARN_INFINITE_RECURSION = YES;
				CLANG_WARN_INT_CONVERSION = YES;
				CLANG_WARN_NON_LITERAL_NULL_CONVERSION = YES;
				CLANG_WARN_OBJC_IMPLICIT_RETAIN_SELF = YES;
				CLANG_WARN_OBJC_LITERAL_CONVERSION = YES;
				CLANG_WARN_OBJC_ROOT_CLASS = YES_ERROR;
				CLANG_WARN_RANGE_LOOP_ANALYSIS = YES;
				CLANG_WARN_STRICT_PROTOTYPES = YES;
				CLANG_WARN_SUSPICIOUS_MOVE = YES;
				CLANG_WARN_UNGUARDED_AVAILABILITY = YES_AGGRESSIVE;
				CLANG_WARN_UNREACHABLE_CODE = YES;
				CLANG_WARN__DUPLICATE_METHOD_MATCH = YES;
				COPY_PHASE_STRIP = NO;
				DEBUG_INFORMATION_FORMAT = "dwarf-with-dsym";
				ENABLE_NS_ASSERTIONS = NO;
				ENABLE_STRICT_OBJC_MSGSEND = YES;
				GCC_C_LANGUAGE_STANDARD = gnu11;
				GCC_NO_COMMON_BLOCKS = YES;
				GCC_WARN_64_TO_32_BIT_CONVERSION = YES;
				GCC_WARN_ABOUT_RETURN_TYPE = YES_ERROR;
				GCC_WARN_UNDECLARED_SELECTOR = YES;
				GCC_WARN_UNINITIALIZED_AUTOS = YES_AGGRESSIVE;
				GCC_WARN_UNUSED_FUNCTION = YES;
				GCC_WARN_UNUSED_VARIABLE = YES;
				IPHONEOS_DEPLOYMENT_TARGET = 12.0;
				MTL_ENABLE_DEBUG_INFO = NO;
				MTL_FAST_MATH = YES;
				SDKROOT = iphoneos;
				SWIFT_COMPILATION_MODE = wholemodule;
				SWIFT_OPTIMIZATION_LEVEL = "-O";
				VALIDATE_PRODUCT = YES;
			};
			name = Release;
		};
		C1D531C92419FFEF00641D97 /* Debug */ = {
			isa = XCBuildConfiguration;
			buildSettings = {
				ASSETCATALOG_COMPILER_APPICON_NAME = AppIcon;
				CODE_SIGN_STYLE = Automatic;
				DEVELOPMENT_TEAM = K3WSFBFNGQ;
				FRAMEWORK_SEARCH_PATHS = (
					"$(inherited)",
					"$(PROJECT_DIR)/Carthage/Build/iOS",
				);
				INFOPLIST_FILE = wkwktodo/Resources/Info.plist;
				IPHONEOS_DEPLOYMENT_TARGET = 12.0;
				LD_RUNPATH_SEARCH_PATHS = (
					"$(inherited)",
					"@executable_path/Frameworks",
				);
				PRODUCT_BUNDLE_IDENTIFIER = com.ren.wkwktodo;
				PRODUCT_NAME = "$(TARGET_NAME)";
				SWIFT_VERSION = 5.0;
				TARGETED_DEVICE_FAMILY = "1,2";
			};
			name = Debug;
		};
		C1D531CA2419FFEF00641D97 /* Release */ = {
			isa = XCBuildConfiguration;
			buildSettings = {
				ASSETCATALOG_COMPILER_APPICON_NAME = AppIcon;
				CODE_SIGN_STYLE = Automatic;
				DEVELOPMENT_TEAM = K3WSFBFNGQ;
				FRAMEWORK_SEARCH_PATHS = (
					"$(inherited)",
					"$(PROJECT_DIR)/Carthage/Build/iOS",
				);
				INFOPLIST_FILE = wkwktodo/Resources/Info.plist;
				IPHONEOS_DEPLOYMENT_TARGET = 12.0;
				LD_RUNPATH_SEARCH_PATHS = (
					"$(inherited)",
					"@executable_path/Frameworks",
				);
				PRODUCT_BUNDLE_IDENTIFIER = com.ren.wkwktodo;
				PRODUCT_NAME = "$(TARGET_NAME)";
				SWIFT_VERSION = 5.0;
				TARGETED_DEVICE_FAMILY = "1,2";
			};
			name = Release;
		};
		C1D531DC241A0D1F00641D97 /* Debug */ = {
			isa = XCBuildConfiguration;
			buildSettings = {
				ASSETCATALOG_COMPILER_APPICON_NAME = AppIcon;
				CODE_SIGN_STYLE = Automatic;
				DEVELOPMENT_TEAM = K3WSFBFNGQ;
				FRAMEWORK_SEARCH_PATHS = (
					"$(inherited)",
					"$(PROJECT_DIR)/Carthage/Build/iOS",
				);
				INFOPLIST_FILE = wkwktodo/Resources/Info.plist;
				IPHONEOS_DEPLOYMENT_TARGET = 12.0;
				LD_RUNPATH_SEARCH_PATHS = (
					"$(inherited)",
					"@executable_path/Frameworks",
				);
				PRODUCT_BUNDLE_IDENTIFIER = com.ren.wkwktodo;
				PRODUCT_NAME = "$(TARGET_NAME)";
				SWIFT_VERSION = 5.0;
				TARGETED_DEVICE_FAMILY = "1,2";
			};
			name = Debug;
		};
		C1D531DD241A0D1F00641D97 /* Release */ = {
			isa = XCBuildConfiguration;
			buildSettings = {
				ASSETCATALOG_COMPILER_APPICON_NAME = AppIcon;
				CODE_SIGN_STYLE = Automatic;
				DEVELOPMENT_TEAM = K3WSFBFNGQ;
				FRAMEWORK_SEARCH_PATHS = (
					"$(inherited)",
					"$(PROJECT_DIR)/Carthage/Build/iOS",
				);
				INFOPLIST_FILE = wkwktodo/Resources/Info.plist;
				IPHONEOS_DEPLOYMENT_TARGET = 12.0;
				LD_RUNPATH_SEARCH_PATHS = (
					"$(inherited)",
					"@executable_path/Frameworks",
				);
				PRODUCT_BUNDLE_IDENTIFIER = com.ren.wkwktodo;
				PRODUCT_NAME = "$(TARGET_NAME)";
				SWIFT_VERSION = 5.0;
				TARGETED_DEVICE_FAMILY = "1,2";
			};
			name = Release;
		};
/* End XCBuildConfiguration section */

/* Begin XCConfigurationList section */
		C1D531AF2419FFEE00641D97 /* Build configuration list for PBXProject "wkwktodo" */ = {
			isa = XCConfigurationList;
			buildConfigurations = (
				C1D531C62419FFEF00641D97 /* Debug */,
				C1D531C72419FFEF00641D97 /* Release */,
			);
			defaultConfigurationIsVisible = 0;
			defaultConfigurationName = Release;
		};
		C1D531C82419FFEF00641D97 /* Build configuration list for PBXNativeTarget "wkwktodo" */ = {
			isa = XCConfigurationList;
			buildConfigurations = (
				C1D531C92419FFEF00641D97 /* Debug */,
				C1D531CA2419FFEF00641D97 /* Release */,
			);
			defaultConfigurationIsVisible = 0;
			defaultConfigurationName = Release;
		};
		C1D531DB241A0D1F00641D97 /* Build configuration list for PBXNativeTarget "wkwktodo_dev" */ = {
			isa = XCConfigurationList;
			buildConfigurations = (
				C1D531DC241A0D1F00641D97 /* Debug */,
				C1D531DD241A0D1F00641D97 /* Release */,
			);
			defaultConfigurationIsVisible = 0;
			defaultConfigurationName = Release;
		};
/* End XCConfigurationList section */
	};
	rootObject = C1D531AC2419FFEE00641D97 /* Project object */;
}
